Microsoft Visual Studio Solution File, Format Version 12.00
# Visual Studio Version 17
VisualStudioVersion = 17.5.2.0
MinimumVisualStudioVersion = 10.0.40219.1
Project("{2150E333-8FDC-42A3-9474-1A3956D46DE8}") = "Labfiles", "Labfiles", "{E34FE7DF-E823-91FC-26CE-DC3F33A9AAE2}"
EndProject
Project("{2150E333-8FDC-42A3-9474-1A3956D46DE8}") = "01-analyze-text", "01-analyze-text", "{5BBD34A1-ECA5-4FB9-64F3-2F2E44182A14}"
EndProject
Project("{2150E333-8FDC-42A3-9474-1A3956D46DE8}") = "C-Sharp", "C-Sharp", "{2921EEA4-50BE-D07D-B744-73DF3C94866A}"
EndProject
Project("{FAE04EC0-301F-11D3-BF4B-00C04F79EFBC}") = "text-analysis", "Labfiles\01-analyze-text\C-Sharp\text-analysis\text-analysis.csproj", "{677A20C3-18BA-503D-0EC8-C76B72346D73}"
EndProject
Project("{2150E333-8FDC-42A3-9474-1A3956D46DE8}") = "02-qna", "02-qna", "{282D41D1-248C-0D89-6E11-135B724FDFD1}"
EndProject
Project("{2150E333-8FDC-42A3-9474-1A3956D46DE8}") = "C-Sharp", "C-Sharp", "{2D2B2DED-0C4F-C27A-1758-E2FB916E6F0E}"
EndProject
Project("{FAE04EC0-301F-11D3-BF4B-00C04F79EFBC}") = "qna-app", "Labfiles\02-qna\C-Sharp\qna-app\qna-app.csproj", "{65117F14-ACAC-4345-8053-56DDB7B532E8}"
EndProject
Project("{2150E333-8FDC-42A3-9474-1A3956D46DE8}") = "03-language", "03-language", "{754B17F7-809E-1AA3-98A9-D4D1A91AB7D3}"
EndProject
Project("{2150E333-8FDC-42A3-9474-1A3956D46DE8}") = "C-Sharp", "C-Sharp", "{14EC04E5-E226-F8B6-AFE7-4F5A93A6270E}"
EndProject
Project("{FAE04EC0-301F-11D3-BF4B-00C04F79EFBC}") = "clock_client", "Labfiles\03-language\C-Sharp\clock-client\clock_client.csproj", "{366709C9-AAC3-B716-C4B3-0DB53161A95D}"
EndProject
Project("{2150E333-8FDC-42A3-9474-1A3956D46DE8}") = "04-text-classification", "04-text-classification", "{89501013-FCEA-AA9A-27F8-94C6062207CF}"
EndProject
Project("{2150E333-8FDC-42A3-9474-1A3956D46DE8}") = "C-Sharp", "C-Sharp", "{8B75DCEA-BC41-7498-B515-CA0DE791C01A}"
EndProject
Project("{FAE04EC0-301F-11D3-BF4B-00C04F79EFBC}") = "classify-text", "Labfiles\04-text-classification\C-Sharp\classify-text\classify-text.csproj", "{0EA8A1E5-4F62-9060-5C7B-5CEA4D0552C6}"
EndProject
Project("{2150E333-8FDC-42A3-9474-1A3956D46DE8}") = "05-custom-entity-recognition", "05-custom-entity-recognition", "{5CF32627-AB7E-14A4-8B2E-A61ABED3CE38}"
EndProject
Project("{2150E333-8FDC-42A3-9474-1A3956D46DE8}") = "C-Sharp", "C-Sharp", "{A43DDEFD-5200-2708-598A-3456AE74432D}"
EndProject
Project("{FAE04EC0-301F-11D3-BF4B-00C04F79EFBC}") = "custom-entities", "Labfiles\05-custom-entity-recognition\C-Sharp\custom-entities\custom-entities.csproj", "{A1BE1FC0-1BF9-E361-6215-B68F9057CBF4}"
EndProject
Project("{2150E333-8FDC-42A3-9474-1A3956D46DE8}") = "06-translate-text", "06-translate-text", "{A14E8705-FCED-19E0-21B5-4A7130A5CD9E}"
EndProject
Project("{2150E333-8FDC-42A3-9474-1A3956D46DE8}") = "C-Sharp", "C-Sharp", "{15309111-703F-022C-6576-8D767EE1A38F}"
EndProject
Project("{FAE04EC0-301F-11D3-BF4B-00C04F79EFBC}") = "translate_text", "Labfiles\06-translate-text\C-Sharp\text-translation\translate_text.csproj", "{7E1EA52F-475C-DFE1-73D4-D955F74915A3}"
EndProject
Project("{2150E333-8FDC-42A3-9474-1A3956D46DE8}") = "06b-translator-sdk", "06b-translator-sdk", "{961000B0-1DCF-9FD4-6B2A-74947CBB1FC1}"
EndProject
Project("{2150E333-8FDC-42A3-9474-1A3956D46DE8}") = "C-Sharp", "C-Sharp", "{FE41B541-BE5E-920F-B2C0-22536388BECB}"
EndProject
Project("{FAE04EC0-301F-11D3-BF4B-00C04F79EFBC}") = "translate_text", "Labfiles\06b-translator-sdk\C-Sharp\translate-text\translate_text.csproj", "{F1E3AA34-0604-3637-9D22-0738C1D55B58}"
EndProject
Project("{2150E333-8FDC-42A3-9474-1A3956D46DE8}") = "07-speech", "07-speech", "{A981049B-0D1D-2418-F2E8-3781FCA78DD6}"
EndProject
Project("{2150E333-8FDC-42A3-9474-1A3956D46DE8}") = "C-Sharp", "C-Sharp", "{4C3E9BBA-FF4A-2AE0-85CD-59FB77510AA1}"
EndProject
Project("{FAE04EC0-301F-11D3-BF4B-00C04F79EFBC}") = "speaking-clock", "Labfiles\07-speech\C-Sharp\speaking-clock\speaking-clock.csproj", "{8C843FB4-B8AE-BD25-7CA3-E1F5A58ECA90}"
EndProject
Project("{2150E333-8FDC-42A3-9474-1A3956D46DE8}") = "08-speech-translation", "08-speech-translation", "{F38ECD6D-6F4B-4D37-9BCE-0BC71CBFBBFD}"
EndProject
Project("{2150E333-8FDC-42A3-9474-1A3956D46DE8}") = "C-Sharp", "C-Sharp", "{9F160861-EA8D-035A-24DE-3B2AF78B270E}"
EndProject
Project("{FAE04EC0-301F-11D3-BF4B-00C04F79EFBC}") = "translator", "Labfiles\08-speech-translation\C-Sharp\translator\translator.csproj", "{F93C3EF0-ECD1-C9D7-6806-AC969D243713}"
EndProject
Global
	GlobalSection(SolutionConfigurationPlatforms) = preSolution
		Debug|Any CPU = Debug|Any CPU
		Release|Any CPU = Release|Any CPU
	EndGlobalSection
	GlobalSection(ProjectConfigurationPlatforms) = postSolution
		{677A20C3-18BA-503D-0EC8-C76B72346D73}.Debug|Any CPU.ActiveCfg = Debug|Any CPU
		{677A20C3-18BA-503D-0EC8-C76B72346D73}.Debug|Any CPU.Build.0 = Debug|Any CPU
		{677A20C3-18BA-503D-0EC8-C76B72346D73}.Release|Any CPU.ActiveCfg = Release|Any CPU
		{677A20C3-18BA-503D-0EC8-C76B72346D73}.Release|Any CPU.Build.0 = Release|Any CPU
		{65117F14-ACAC-4345-8053-56DDB7B532E8}.Debug|Any CPU.ActiveCfg = Debug|Any CPU
		{65117F14-ACAC-4345-8053-56DDB7B532E8}.Debug|Any CPU.Build.0 = Debug|Any CPU
		{65117F14-ACAC-4345-8053-56DDB7B532E8}.Release|Any CPU.ActiveCfg = Release|Any CPU
		{65117F14-ACAC-4345-8053-56DDB7B532E8}.Release|Any CPU.Build.0 = Release|Any CPU
		{366709C9-AAC3-B716-C4B3-0DB53161A95D}.Debug|Any CPU.ActiveCfg = Debug|Any CPU
		{366709C9-AAC3-B716-C4B3-0DB53161A95D}.Debug|Any CPU.Build.0 = Debug|Any CPU
		{366709C9-AAC3-B716-C4B3-0DB53161A95D}.Release|Any CPU.ActiveCfg = Release|Any CPU
		{366709C9-AAC3-B716-C4B3-0DB53161A95D}.Release|Any CPU.Build.0 = Release|Any CPU
		{0EA8A1E5-4F62-9060-5C7B-5CEA4D0552C6}.Debug|Any CPU.ActiveCfg = Debug|Any CPU
		{0EA8A1E5-4F62-9060-5C7B-5CEA4D0552C6}.Debug|Any CPU.Build.0 = Debug|Any CPU
		{0EA8A1E5-4F62-9060-5C7B-5CEA4D0552C6}.Release|Any CPU.ActiveCfg = Release|Any CPU
		{0EA8A1E5-4F62-9060-5C7B-5CEA4D0552C6}.Release|Any CPU.Build.0 = Release|Any CPU
		{A1BE1FC0-1BF9-E361-6215-B68F9057CBF4}.Debug|Any CPU.ActiveCfg = Debug|Any CPU
		{A1BE1FC0-1BF9-E361-6215-B68F9057CBF4}.Debug|Any CPU.Build.0 = Debug|Any CPU
		{A1BE1FC0-1BF9-E361-6215-B68F9057CBF4}.Release|Any CPU.ActiveCfg = Release|Any CPU
		{A1BE1FC0-1BF9-E361-6215-B68F9057CBF4}.Release|Any CPU.Build.0 = Release|Any CPU
		{7E1EA52F-475C-DFE1-73D4-D955F74915A3}.Debug|Any CPU.ActiveCfg = Debug|Any CPU
		{7E1EA52F-475C-DFE1-73D4-D955F74915A3}.Debug|Any CPU.Build.0 = Debug|Any CPU
		{7E1EA52F-475C-DFE1-73D4-D955F74915A3}.Release|Any CPU.ActiveCfg = Release|Any CPU
		{7E1EA52F-475C-DFE1-73D4-D955F74915A3}.Release|Any CPU.Build.0 = Release|Any CPU
		{F1E3AA34-0604-3637-9D22-0738C1D55B58}.Debug|Any CPU.ActiveCfg = Debug|Any CPU
		{F1E3AA34-0604-3637-9D22-0738C1D55B58}.Debug|Any CPU.Build.0 = Debug|Any CPU
		{F1E3AA34-0604-3637-9D22-0738C1D55B58}.Release|Any CPU.ActiveCfg = Release|Any CPU
		{F1E3AA34-0604-3637-9D22-0738C1D55B58}.Release|Any CPU.Build.0 = Release|Any CPU
		{8C843FB4-B8AE-BD25-7CA3-E1F5A58ECA90}.Debug|Any CPU.ActiveCfg = Debug|Any CPU
		{8C843FB4-B8AE-BD25-7CA3-E1F5A58ECA90}.Debug|Any CPU.Build.0 = Debug|Any CPU
		{8C843FB4-B8AE-BD25-7CA3-E1F5A58ECA90}.Release|Any CPU.ActiveCfg = Release|Any CPU
		{8C843FB4-B8AE-BD25-7CA3-E1F5A58ECA90}.Release|Any CPU.Build.0 = Release|Any CPU
		{F93C3EF0-ECD1-C9D7-6806-AC969D243713}.Debug|Any CPU.ActiveCfg = Debug|Any CPU
		{F93C3EF0-ECD1-C9D7-6806-AC969D243713}.Debug|Any CPU.Build.0 = Debug|Any CPU
		{F93C3EF0-ECD1-C9D7-6806-AC969D243713}.Release|Any CPU.ActiveCfg = Release|Any CPU
		{F93C3EF0-ECD1-C9D7-6806-AC969D243713}.Release|Any CPU.Build.0 = Release|Any CPU
	EndGlobalSection
	GlobalSection(SolutionProperties) = preSolution
		HideSolutionNode = FALSE
	EndGlobalSection
	GlobalSection(NestedProjects) = preSolution
		{5BBD34A1-ECA5-4FB9-64F3-2F2E44182A14} = {E34FE7DF-E823-91FC-26CE-DC3F33A9AAE2}
		{2921EEA4-50BE-D07D-B744-73DF3C94866A} = {5BBD34A1-ECA5-4FB9-64F3-2F2E44182A14}
		{677A20C3-18BA-503D-0EC8-C76B72346D73} = {2921EEA4-50BE-D07D-B744-73DF3C94866A}
		{282D41D1-248C-0D89-6E11-135B724FDFD1} = {E34FE7DF-E823-91FC-26CE-DC3F33A9AAE2}
		{2D2B2DED-0C4F-C27A-1758-E2FB916E6F0E} = {282D41D1-248C-0D89-6E11-135B724FDFD1}
		{65117F14-ACAC-4345-8053-56DDB7B532E8} = {2D2B2DED-0C4F-C27A-1758-E2FB916E6F0E}
		{754B17F7-809E-1AA3-98A9-D4D1A91AB7D3} = {E34FE7DF-E823-91FC-26CE-DC3F33A9AAE2}
		{14EC04E5-E226-F8B6-AFE7-4F5A93A6270E} = {754B17F7-809E-1AA3-98A9-D4D1A91AB7D3}
		{366709C9-AAC3-B716-C4B3-0DB53161A95D} = {14EC04E5-E226-F8B6-AFE7-4F5A93A6270E}
		{89501013-FCEA-AA9A-27F8-94C6062207CF} = {E34FE7DF-E823-91FC-26CE-DC3F33A9AAE2}
		{8B75DCEA-BC41-7498-B515-CA0DE791C01A} = {89501013-FCEA-AA9A-27F8-94C6062207CF}
		{0EA8A1E5-4F62-9060-5C7B-5CEA4D0552C6} = {8B75DCEA-BC41-7498-B515-CA0DE791C01A}
		{5CF32627-AB7E-14A4-8B2E-A61ABED3CE38} = {E34FE7DF-E823-91FC-26CE-DC3F33A9AAE2}
		{A43DDEFD-5200-2708-598A-3456AE74432D} = {5CF32627-AB7E-14A4-8B2E-A61ABED3CE38}
		{A1BE1FC0-1BF9-E361-6215-B68F9057CBF4} = {A43DDEFD-5200-2708-598A-3456AE74432D}
		{A14E8705-FCED-19E0-21B5-4A7130A5CD9E} = {E34FE7DF-E823-91FC-26CE-DC3F33A9AAE2}
		{15309111-703F-022C-6576-8D767EE1A38F} = {A14E8705-FCED-19E0-21B5-4A7130A5CD9E}
		{7E1EA52F-475C-DFE1-73D4-D955F74915A3} = {15309111-703F-022C-6576-8D767EE1A38F}
		{961000B0-1DCF-9FD4-6B2A-74947CBB1FC1} = {E34FE7DF-E823-91FC-26CE-DC3F33A9AAE2}
		{FE41B541-BE5E-920F-B2C0-22536388BECB} = {961000B0-1DCF-9FD4-6B2A-74947CBB1FC1}
		{F1E3AA34-0604-3637-9D22-0738C1D55B58} = {FE41B541-BE5E-920F-B2C0-22536388BECB}
		{A981049B-0D1D-2418-F2E8-3781FCA78DD6} = {E34FE7DF-E823-91FC-26CE-DC3F33A9AAE2}
		{4C3E9BBA-FF4A-2AE0-85CD-59FB77510AA1} = {A981049B-0D1D-2418-F2E8-3781FCA78DD6}
		{8C843FB4-B8AE-BD25-7CA3-E1F5A58ECA90} = {4C3E9BBA-FF4A-2AE0-85CD-59FB77510AA1}
		{F38ECD6D-6F4B-4D37-9BCE-0BC71CBFBBFD} = {E34FE7DF-E823-91FC-26CE-DC3F33A9AAE2}
		{9F160861-EA8D-035A-24DE-3B2AF78B270E} = {F38ECD6D-6F4B-4D37-9BCE-0BC71CBFBBFD}
		{F93C3EF0-ECD1-C9D7-6806-AC969D243713} = {9F160861-EA8D-035A-24DE-3B2AF78B270E}
	EndGlobalSection
	GlobalSection(ExtensibilityGlobals) = postSolution
		SolutionGuid = {937E22B5-F7DB-456B-8C5E-3B0553F669D8}
	EndGlobalSection
EndGlobal
